
Microsoft Visual Studio Solution File, Format Version 12.00
# Visual Studio Version 16
VisualStudioVersion = 16.0.32228.343
MinimumVisualStudioVersion = 10.0.40219.1
Project("{FAE04EC0-301F-11D3-BF4B-00C04F79EFBC}") = "news_agregator", "news_agregator\news_agregator.csproj", "{BA1262A5-29BE-4FD5-B413-3824AAFE4E97}"
EndProject
Global
	GlobalSection(SolutionConfigurationPlatforms) = preSolution
		Debug|Any CPU = Debug|Any CPU
		Release|Any CPU = Release|Any CPU
	EndGlobalSection
	GlobalSection(ProjectConfigurationPlatforms) = postSolution
		{BA1262A5-29BE-4FD5-B413-3824AAFE4E97}.Debug|Any CPU.ActiveCfg = Debug|Any CPU
		{BA1262A5-29BE-4FD5-B413-3824AAFE4E97}.Debug|Any CPU.Build.0 = Debug|Any CPU
		{BA1262A5-29BE-4FD5-B413-3824AAFE4E97}.Release|Any CPU.ActiveCfg = Release|Any CPU
		{BA1262A5-29BE-4FD5-B413-3824AAFE4E97}.Release|Any CPU.Build.0 = Release|Any CPU
	EndGlobalSection
	GlobalSection(SolutionProperties) = preSolution
		HideSolutionNode = FALSE
	EndGlobalSection
	GlobalSection(ExtensibilityGlobals) = postSolution
		SolutionGuid = {B49C1E15-7316-4B59-96E2-DAFC52930D32}
	EndGlobalSection
EndGlobal
